
Microsoft Visual Studio Solution File, Format Version 12.00
# Visual Studio 2012
Project("{2150E333-8FDC-42A3-9474-1A3956D46DE8}") = ".nuget", ".nuget", "{43DEA78A-5C07-4993-8EC4-5873D39256B5}"
	ProjectSection(SolutionItems) = preProject
		.nuget\NuGet.Config = .nuget\NuGet.Config
		.nuget\NuGet.exe = .nuget\NuGet.exe
		.nuget\NuGet.targets = .nuget\NuGet.targets
	EndProjectSection
EndProject
Project("{FAE04EC0-301F-11D3-BF4B-00C04F79EFBC}") = "TankWar", "Source\TankWar\TankWar.csproj", "{1D39C8AD-2734-4013-90AF-4748B8C9737A}"
EndProject
Project("{FAE04EC0-301F-11D3-BF4B-00C04F79EFBC}") = "TankWar.Tests", "Source\TankWar.Tests\TankWar.Tests.csproj", "{7FA595E9-141A-45F6-A8D0-8B5286FE7EC7}"
EndProject
Project("{FAE04EC0-301F-11D3-BF4B-00C04F79EFBC}") = "TankWar.Engine", "Source\TankWar.Engine\TankWar.Engine.csproj", "{6E9F5C5A-DCA8-4ACA-8234-07229E36D1F6}"
EndProject
Project("{2150E333-8FDC-42A3-9474-1A3956D46DE8}") = "Tests", "Tests", "{5E496D7E-9ACD-42A5-91D3-B9D0E13F1769}"
EndProject
Global
	GlobalSection(SolutionConfigurationPlatforms) = preSolution
		Debug|Any CPU = Debug|Any CPU
		Release|Any CPU = Release|Any CPU
	EndGlobalSection
	GlobalSection(ProjectConfigurationPlatforms) = postSolution
		{1D39C8AD-2734-4013-90AF-4748B8C9737A}.Debug|Any CPU.ActiveCfg = Debug|Any CPU
		{1D39C8AD-2734-4013-90AF-4748B8C9737A}.Debug|Any CPU.Build.0 = Debug|Any CPU
		{1D39C8AD-2734-4013-90AF-4748B8C9737A}.Release|Any CPU.ActiveCfg = Release|Any CPU
		{1D39C8AD-2734-4013-90AF-4748B8C9737A}.Release|Any CPU.Build.0 = Release|Any CPU
		{7FA595E9-141A-45F6-A8D0-8B5286FE7EC7}.Debug|Any CPU.ActiveCfg = Debug|Any CPU
		{7FA595E9-141A-45F6-A8D0-8B5286FE7EC7}.Debug|Any CPU.Build.0 = Debug|Any CPU
		{7FA595E9-141A-45F6-A8D0-8B5286FE7EC7}.Release|Any CPU.ActiveCfg = Release|Any CPU
		{7FA595E9-141A-45F6-A8D0-8B5286FE7EC7}.Release|Any CPU.Build.0 = Release|Any CPU
		{6E9F5C5A-DCA8-4ACA-8234-07229E36D1F6}.Debug|Any CPU.ActiveCfg = Debug|Any CPU
		{6E9F5C5A-DCA8-4ACA-8234-07229E36D1F6}.Debug|Any CPU.Build.0 = Debug|Any CPU
		{6E9F5C5A-DCA8-4ACA-8234-07229E36D1F6}.Release|Any CPU.ActiveCfg = Release|Any CPU
		{6E9F5C5A-DCA8-4ACA-8234-07229E36D1F6}.Release|Any CPU.Build.0 = Release|Any CPU
	EndGlobalSection
	GlobalSection(SolutionProperties) = preSolution
		HideSolutionNode = FALSE
	EndGlobalSection
	GlobalSection(NestedProjects) = preSolution
		{7FA595E9-141A-45F6-A8D0-8B5286FE7EC7} = {5E496D7E-9ACD-42A5-91D3-B9D0E13F1769}
	EndGlobalSection
EndGlobal
